{
  "version": "4",
  "remote": {
    "https://edge.netlify.com/": "fd941d61d88673d5f28aab283fb86fcc50f08a3bc80ee5470498fcfa88c65cfb",
    "https://edge.netlify.com/bootstrap/config.ts": "6a2ce0e544e15e8f8883a5c18da5948e37fd0f2619f68cb31f3af53c51817025",
    "https://edge.netlify.com/bootstrap/context.ts": "e97240232121e2f369f6546ce961490f34d961ea1ea54be3ff09633e3f08373f",
    "https://edge.netlify.com/bootstrap/cookie.ts": "8b0baae708989ca183c6f3b4ab3d029e6abcbc2e43f93edeb0ff447b3bbc3a05",
    "https://edge.netlify.com/bootstrap/edge_function.ts": "b8253e86aa83c67341f5cfedeba5049d77fbf84dcab7eceff7566b7728ae9b39",
    "https://edge.netlify.com/bootstrap/globals/types.ts": "eaa6148ded3121d8dee62dd91c86e7fe76601df0f3ca8d7962243a30f4c8935f"
  },
  "workspace": {
    "packageJson": {
      "dependencies": [
        "npm:@astrojs/mdx@^4.3.13",
        "npm:@astrojs/netlify@^6.6.3",
        "npm:@astrojs/react@^4.4.2",
        "npm:@astrojs/starlight-tailwind@^4.0.2",
        "npm:@astrojs/starlight@~0.37.1",
        "npm:@astrojs/tailwind@^6.0.2",
        "npm:@astrojs/vue@^5.1.3",
        "npm:@expressive-code/plugin-collapsible-sections@~0.41.5",
        "npm:@expressive-code/plugin-line-numbers@~0.41.5",
        "npm:@fontsource-variable/atkinson-hyperlegible-next@^5.2.6",
        "npm:@fontsource-variable/inter@^5.2.8",
        "npm:@fontsource/jetbrains-mono@^5.2.8",
        "npm:@hideoo/starlight-plugins-docs-components@~0.4.1",
        "npm:@iconify/json@^2.2.425",
        "npm:@scalar/api-reference@^1.40.9",
        "npm:@scalar/astro@~0.1.6",
        "npm:@tailwindcss/vite@^4.1.18",
        "npm:@types/react-dom@^19.2.3",
        "npm:@types/react@^19.2.7",
        "npm:@vitejs/plugin-vue@^5.2.4",
        "npm:accessible-astro-components@^5.0.4",
        "npm:astro-d2@~0.8.1",
        "npm:astro-loader-github-releases@^2.1.1",
        "npm:astro-og-canvas@0.10",
        "npm:astro@^5.16.6",
        "npm:canvaskit-wasm@0.39.1",
        "npm:pnpm@^10.27.0",
        "npm:prettier-plugin-astro@~0.14.1",
        "npm:prettier-plugin-tailwindcss@~0.6.14",
        "npm:prettier@^3.7.4",
        "npm:pretty-quick@^4.2.2",
        "npm:react-dom@^19.2.3",
        "npm:react@^19.2.3",
        "npm:repomix@^1.11.0",
        "npm:sharp@~0.34.5",
        "npm:simple-git-hooks@^2.13.1",
        "npm:starlight-contextual-menu@~0.1.5",
        "npm:starlight-image-zoom@0.12",
        "npm:starlight-links-validator@~0.19.2",
        "npm:starlight-package-managers@~0.11.1",
        "npm:starlight-plugin-icons@^1.1.3",
        "npm:starlight-showcases@~0.3.1",
        "npm:starlight-sidebar-topics-dropdown@~0.5.2",
        "npm:starlight-sidebar-topics@~0.6.2",
        "npm:starlight-theme-nova@~0.9.5",
        "npm:starlight-videos@~0.3.1",
        "npm:tailwindcss@^4.1.18",
        "npm:unplugin-icons@^22.5.0",
        "npm:vue@^3.5.26"
      ]
    }
  }
}
